PODS:
  - Nuke (9.5.0)
  - R.swift (5.4.0):
    - R.swift.Library (~> 5.3.0)
  - R.swift.Library (5.3.0)
  - Wormholy (1.6.4)

DEPENDENCIES:
  - Nuke
  - R.swift
  - Wormholy

SPEC REPOS:
  trunk:
    - Nuke
    - R.swift
    - R.swift.Library
    - Wormholy

SPEC CHECKSUMS:
  Nuke: 6f400a4ea957e09149ec335a3c6acdcc814d89e4
  R.swift: c533450b0f7dc494e0993f5f1a1db925d84c3006
  R.swift.Library: 0fc583cb55a99e28901299cc451614cad1161962
  Wormholy: 2e70f64227e010d363f8d33268369f77faf12471

PODFILE CHECKSUM: 047c653c693238a2f4a11006c78fbc3bd9f27ce4

COCOAPODS: 1.11.2
